// !$*UTF8*$!
{
	archiveVersion = 1;
	classes = {
	};
	objectVersion = 56;
	objects = {

/* Begin PBXBuildFile section */
		365870592A0547A1006C1387 /* DetailsCollectionViewCell.swift in Sources */ = {isa = PBXBuildFile; fileRef = 365870582A0547A1006C1387 /* DetailsCollectionViewCell.swift */; };
		3663005D29FA995600F3CA7D /* AppDelegate.swift in Sources */ = {isa = PBXBuildFile; fileRef = 3663005C29FA995600F3CA7D /* AppDelegate.swift */; };
		3663006129FA995600F3CA7D /* GeneralViewController.swift in Sources */ = {isa = PBXBuildFile; fileRef = 3663006029FA995600F3CA7D /* GeneralViewController.swift */; };
		3663006629FA995A00F3CA7D /* Assets.xcassets in Resources */ = {isa = PBXBuildFile; fileRef = 3663006529FA995A00F3CA7D /* Assets.xcassets */; };
		3663006929FA995A00F3CA7D /* LaunchScreen.storyboard in Resources */ = {isa = PBXBuildFile; fileRef = 3663006729FA995A00F3CA7D /* LaunchScreen.storyboard */; };
		3663007129FA9C6B00F3CA7D /* TabBarController.swift in Sources */ = {isa = PBXBuildFile; fileRef = 3663007029FA9C6B00F3CA7D /* TabBarController.swift */; };
		3663007329FA9EC700F3CA7D /* BusinessViewController.swift in Sources */ = {isa = PBXBuildFile; fileRef = 3663007229FA9EC700F3CA7D /* BusinessViewController.swift */; };
		3663007529FA9EDE00F3CA7D /* TechnologyViewController.swift in Sources */ = {isa = PBXBuildFile; fileRef = 3663007429FA9EDE00F3CA7D /* TechnologyViewController.swift */; };
		3663007829FAB10900F3CA7D /* SnapKit in Frameworks */ = {isa = PBXBuildFile; productRef = 3663007729FAB10900F3CA7D /* SnapKit */; };
		3663007E29FABA1500F3CA7D /* GeneralCollectionViewCell.swift in Sources */ = {isa = PBXBuildFile; fileRef = 3663007D29FABA1500F3CA7D /* GeneralCollectionViewCell.swift */; };
		3666B5902A1D0CC000AEBF48 /* TechnologyViewModel.swift in Sources */ = {isa = PBXBuildFile; fileRef = 3666B58F2A1D0CC000AEBF48 /* TechnologyViewModel.swift */; };
		3666B5932A1D0D9600AEBF48 /* TechnologyCollectionViewCell.swift in Sources */ = {isa = PBXBuildFile; fileRef = 3666B5922A1D0D9600AEBF48 /* TechnologyCollectionViewCell.swift */; };
		367A14582A0C1BD900EBF95F /* NewsViewModel.swift in Sources */ = {isa = PBXBuildFile; fileRef = 367A14572A0C1BD900EBF95F /* NewsViewModel.swift */; };
		367A145B2A0D5E4C00EBF95F /* BusinessViewModel.swift in Sources */ = {isa = PBXBuildFile; fileRef = 367A145A2A0D5E4C00EBF95F /* BusinessViewModel.swift */; };
		367A145E2A0E744100EBF95F /* TableCollectionViewSection.swift in Sources */ = {isa = PBXBuildFile; fileRef = 367A145D2A0E744100EBF95F /* TableCollectionViewSection.swift */; };
		36AC12AA29FFD14500643629 /* SelectedNewsViewController.swift in Sources */ = {isa = PBXBuildFile; fileRef = 36AC12A929FFD14500643629 /* SelectedNewsViewController.swift */; };
		36C3C0C22A08FDCF00F16446 /* NewsResponseObject.swift in Sources */ = {isa = PBXBuildFile; fileRef = 36C3C0C12A08FDCF00F16446 /* NewsResponseObject.swift */; };
		36C3C0C42A08FE7700F16446 /* ArticleResponseObject.swift in Sources */ = {isa = PBXBuildFile; fileRef = 36C3C0C32A08FE7700F16446 /* ArticleResponseObject.swift */; };
		36C3C0C72A091C1500F16446 /* ArticleCellViewModel.swift in Sources */ = {isa = PBXBuildFile; fileRef = 36C3C0C62A091C1500F16446 /* ArticleCellViewModel.swift */; };
		36C3C0C92A09261400F16446 /* ApiManager.swift in Sources */ = {isa = PBXBuildFile; fileRef = 36C3C0C82A09261400F16446 /* ApiManager.swift */; };
		36C3C0CC2A09367300F16446 /* NetworkingError.swift in Sources */ = {isa = PBXBuildFile; fileRef = 36C3C0CB2A09367300F16446 /* NetworkingError.swift */; };
		36D463722A065125008B58DD /* GeneralViewModel.swift in Sources */ = {isa = PBXBuildFile; fileRef = 36D463712A065125008B58DD /* GeneralViewModel.swift */; };
		36FA45CC2A1121C4001B6FA6 /* NewsListViewModel.swift in Sources */ = {isa = PBXBuildFile; fileRef = 36FA45CB2A1121C4001B6FA6 /* NewsListViewModel.swift */; };
/* End PBXBuildFile section */

/* Begin PBXFileReference section */
		365870582A0547A1006C1387 /* DetailsCollectionViewCell.swift */ = {isa = PBXFileReference; lastKnownFileType = sourcecode.swift; path = DetailsCollectionViewCell.swift; sourceTree = "<group>"; };
		3663005929FA995600F3CA7D /* NewsApp.app */ = {isa = PBXFileReference; explicitFileType = wrapper.application; includeInIndex = 0; path = NewsApp.app; sourceTree = BUILT_PRODUCTS_DIR; };
		3663005C29FA995600F3CA7D /* AppDelegate.swift */ = {isa = PBXFileReference; lastKnownFileType = sourcecode.swift; path = AppDelegate.swift; sourceTree = "<group>"; };
		3663006029FA995600F3CA7D /* GeneralViewController.swift */ = {isa = PBXFileReference; lastKnownFileType = sourcecode.swift; path = GeneralViewController.swift; sourceTree = "<group>"; };
		3663006529FA995A00F3CA7D /* Assets.xcassets */ = {isa = PBXFileReference; lastKnownFileType = folder.assetcatalog; path = Assets.xcassets; sourceTree = "<group>"; };
		3663006829FA995A00F3CA7D /* Base */ = {isa = PBXFileReference; lastKnownFileType = file.storyboard; name = Base; path = Base.lproj/LaunchScreen.storyboard; sourceTree = "<group>"; };
		3663006A29FA995A00F3CA7D /* Info.plist */ = {isa = PBXFileReference; lastKnownFileType = text.plist.xml; path = Info.plist; sourceTree = "<group>"; };
		3663007029FA9C6B00F3CA7D /* TabBarController.swift */ = {isa = PBXFileReference; lastKnownFileType = sourcecode.swift; path = TabBarController.swift; sourceTree = "<group>"; };
		3663007229FA9EC700F3CA7D /* BusinessViewController.swift */ = {isa = PBXFileReference; lastKnownFileType = sourcecode.swift; path = BusinessViewController.swift; sourceTree = "<group>"; };
		3663007429FA9EDE00F3CA7D /* TechnologyViewController.swift */ = {isa = PBXFileReference; lastKnownFileType = sourcecode.swift; path = TechnologyViewController.swift; sourceTree = "<group>"; };
		3663007D29FABA1500F3CA7D /* GeneralCollectionViewCell.swift */ = {isa = PBXFileReference; lastKnownFileType = sourcecode.swift; path = GeneralCollectionViewCell.swift; sourceTree = "<group>"; };
		3666B58F2A1D0CC000AEBF48 /* TechnologyViewModel.swift */ = {isa = PBXFileReference; lastKnownFileType = sourcecode.swift; path = TechnologyViewModel.swift; sourceTree = "<group>"; };
		3666B5922A1D0D9600AEBF48 /* TechnologyCollectionViewCell.swift */ = {isa = PBXFileReference; lastKnownFileType = sourcecode.swift; path = TechnologyCollectionViewCell.swift; sourceTree = "<group>"; };
		367A14572A0C1BD900EBF95F /* NewsViewModel.swift */ = {isa = PBXFileReference; lastKnownFileType = sourcecode.swift; path = NewsViewModel.swift; sourceTree = "<group>"; };
		367A145A2A0D5E4C00EBF95F /* BusinessViewModel.swift */ = {isa = PBXFileReference; lastKnownFileType = sourcecode.swift; path = BusinessViewModel.swift; sourceTree = "<group>"; };
		367A145D2A0E744100EBF95F /* TableCollectionViewSection.swift */ = {isa = PBXFileReference; lastKnownFileType = sourcecode.swift; path = TableCollectionViewSection.swift; sourceTree = "<group>"; };
		36AC12A929FFD14500643629 /* SelectedNewsViewController.swift */ = {isa = PBXFileReference; lastKnownFileType = sourcecode.swift; path = SelectedNewsViewController.swift; sourceTree = "<group>"; };
		36C3C0C12A08FDCF00F16446 /* NewsResponseObject.swift */ = {isa = PBXFileReference; lastKnownFileType = sourcecode.swift; path = NewsResponseObject.swift; sourceTree = "<group>"; };
		36C3C0C32A08FE7700F16446 /* ArticleResponseObject.swift */ = {isa = PBXFileReference; lastKnownFileType = sourcecode.swift; path = ArticleResponseObject.swift; sourceTree = "<group>"; };
		36C3C0C62A091C1500F16446 /* ArticleCellViewModel.swift */ = {isa = PBXFileReference; lastKnownFileType = sourcecode.swift; path = ArticleCellViewModel.swift; sourceTree = "<group>"; };
		36C3C0C82A09261400F16446 /* ApiManager.swift */ = {isa = PBXFileReference; lastKnownFileType = sourcecode.swift; path = ApiManager.swift; sourceTree = "<group>"; };
		36C3C0CB2A09367300F16446 /* NetworkingError.swift */ = {isa = PBXFileReference; lastKnownFileType = sourcecode.swift; path = NetworkingError.swift; sourceTree = "<group>"; };
		36D463712A065125008B58DD /* GeneralViewModel.swift */ = {isa = PBXFileReference; lastKnownFileType = sourcecode.swift; path = GeneralViewModel.swift; sourceTree = "<group>"; };
		36FA45CB2A1121C4001B6FA6 /* NewsListViewModel.swift */ = {isa = PBXFileReference; lastKnownFileType = sourcecode.swift; path = NewsListViewModel.swift; sourceTree = "<group>"; };
/* End PBXFileReference section */

/* Begin PBXFrameworksBuildPhase section */
		3663005629FA995600F3CA7D /* Frameworks */ = {
			isa = PBXFrameworksBuildPhase;
			buildActionMask = 2147483647;
			files = (
				3663007829FAB10900F3CA7D /* SnapKit in Frameworks */,
			);
			runOnlyForDeploymentPostprocessing = 0;
		};
/* End PBXFrameworksBuildPhase section */

/* Begin PBXGroup section */
		3663005029FA995600F3CA7D = {
			isa = PBXGroup;
			children = (
				3663005B29FA995600F3CA7D /* NewsApp */,
				3663005A29FA995600F3CA7D /* Products */,
			);
			sourceTree = "<group>";
		};
		3663005A29FA995600F3CA7D /* Products */ = {
			isa = PBXGroup;
			children = (
				3663005929FA995600F3CA7D /* NewsApp.app */,
			);
			name = Products;
			sourceTree = "<group>";
		};
		3663005B29FA995600F3CA7D /* NewsApp */ = {
			isa = PBXGroup;
			children = (
				3663005C29FA995600F3CA7D /* AppDelegate.swift */,
				3663007029FA9C6B00F3CA7D /* TabBarController.swift */,
				36FA45CB2A1121C4001B6FA6 /* NewsListViewModel.swift */,
				36C3C0CA2A0926D900F16446 /* Networking */,
				3663007929FAB96F00F3CA7D /* General */,
				3663007A29FAB97800F3CA7D /* Business */,
				3663007B29FAB98200F3CA7D /* Technology */,
				36DADD732A03FCAA00815697 /* News */,
				3663006529FA995A00F3CA7D /* Assets.xcassets */,
				3663006729FA995A00F3CA7D /* LaunchScreen.storyboard */,
				3663006A29FA995A00F3CA7D /* Info.plist */,
			);
			path = NewsApp;
			sourceTree = "<group>";
		};
		3663007929FAB96F00F3CA7D /* General */ = {
			isa = PBXGroup;
			children = (
				3663007C29FAB9F300F3CA7D /* View */,
				36D463732A06512F008B58DD /* ViewModel */,
				36C3C0C52A0919C700F16446 /* Model */,
			);
			path = General;
			sourceTree = "<group>";
		};
		3663007A29FAB97800F3CA7D /* Business */ = {
			isa = PBXGroup;
			children = (
				367A14592A0D5E2000EBF95F /* View */,
				367A145C2A0D5E5000EBF95F /* ViewModel */,
			);
			path = Business;
			sourceTree = "<group>";
		};
		3663007B29FAB98200F3CA7D /* Technology */ = {
			isa = PBXGroup;
			children = (
				3666B58E2A1D0C8700AEBF48 /* View */,
				3666B5912A1D0CC500AEBF48 /* ViewModel */,
			);
			path = Technology;
			sourceTree = "<group>";
		};
		3663007C29FAB9F300F3CA7D /* View */ = {
			isa = PBXGroup;
			children = (
				3663006029FA995600F3CA7D /* GeneralViewController.swift */,
				3663007D29FABA1500F3CA7D /* GeneralCollectionViewCell.swift */,
			);
			path = View;
			sourceTree = "<group>";
		};
		3666B58E2A1D0C8700AEBF48 /* View */ = {
			isa = PBXGroup;
			children = (
				3663007429FA9EDE00F3CA7D /* TechnologyViewController.swift */,
				3666B5922A1D0D9600AEBF48 /* TechnologyCollectionViewCell.swift */,
			);
			path = View;
			sourceTree = "<group>";
		};
		3666B5912A1D0CC500AEBF48 /* ViewModel */ = {
			isa = PBXGroup;
			children = (
				3666B58F2A1D0CC000AEBF48 /* TechnologyViewModel.swift */,
			);
			path = ViewModel;
			sourceTree = "<group>";
		};
		367A14592A0D5E2000EBF95F /* View */ = {
			isa = PBXGroup;
			children = (
				3663007229FA9EC700F3CA7D /* BusinessViewController.swift */,
				365870582A0547A1006C1387 /* DetailsCollectionViewCell.swift */,
			);
			path = View;
			sourceTree = "<group>";
		};
		367A145C2A0D5E5000EBF95F /* ViewModel */ = {
			isa = PBXGroup;
			children = (
				367A145A2A0D5E4C00EBF95F /* BusinessViewModel.swift */,
			);
			path = ViewModel;
			sourceTree = "<group>";
		};
		36C3C0C52A0919C700F16446 /* Model */ = {
			isa = PBXGroup;
			children = (
				36C3C0C12A08FDCF00F16446 /* NewsResponseObject.swift */,
				36C3C0C32A08FE7700F16446 /* ArticleResponseObject.swift */,
				367A145D2A0E744100EBF95F /* TableCollectionViewSection.swift */,
			);
			path = Model;
			sourceTree = "<group>";
		};
		36C3C0CA2A0926D900F16446 /* Networking */ = {
			isa = PBXGroup;
			children = (
				36C3C0C82A09261400F16446 /* ApiManager.swift */,
				36C3C0CB2A09367300F16446 /* NetworkingError.swift */,
			);
			path = Networking;
			sourceTree = "<group>";
		};
		36D463732A06512F008B58DD /* ViewModel */ = {
			isa = PBXGroup;
			children = (
				36D463712A065125008B58DD /* GeneralViewModel.swift */,
				36C3C0C62A091C1500F16446 /* ArticleCellViewModel.swift */,
			);
			path = ViewModel;
			sourceTree = "<group>";
		};
		36DADD732A03FCAA00815697 /* News */ = {
			isa = PBXGroup;
			children = (
				36AC12A929FFD14500643629 /* SelectedNewsViewController.swift */,
				367A14572A0C1BD900EBF95F /* NewsViewModel.swift */,
			);
			path = News;
			sourceTree = "<group>";
		};
/* End PBXGroup section */

/* Begin PBXNativeTarget section */
		3663005829FA995600F3CA7D /* NewsApp */ = {
			isa = PBXNativeTarget;
			buildConfigurationList = 3663006D29FA995A00F3CA7D /* Build configuration list for PBXNativeTarget "NewsApp" */;
			buildPhases = (
				3663005529FA995600F3CA7D /* Sources */,
				3663005629FA995600F3CA7D /* Frameworks */,
				3663005729FA995600F3CA7D /* Resources */,
			);
			buildRules = (
			);
			dependencies = (
			);
			name = NewsApp;
			packageProductDependencies = (
				3663007729FAB10900F3CA7D /* SnapKit */,
			);
			productName = NewsApp;
			productReference = 3663005929FA995600F3CA7D /* NewsApp.app */;
			productType = "com.apple.product-type.application";
		};
/* End PBXNativeTarget section */

/* Begin PBXProject section */
		3663005129FA995600F3CA7D /* Project object */ = {
			isa = PBXProject;
			attributes = {
				BuildIndependentTargetsInParallel = 1;
				LastSwiftUpdateCheck = 1420;
				LastUpgradeCheck = 1420;
				TargetAttributes = {
					3663005829FA995600F3CA7D = {
						CreatedOnToolsVersion = 14.2;
					};
				};
			};
			buildConfigurationList = 3663005429FA995600F3CA7D /* Build configuration list for PBXProject "NewsApp" */;
			compatibilityVersion = "Xcode 14.0";
			developmentRegion = en;
			hasScannedForEncodings = 0;
			knownRegions = (
				en,
				Base,
			);
			mainGroup = 3663005029FA995600F3CA7D;
			packageReferences = (
				3663007629FAB10900F3CA7D /* XCRemoteSwiftPackageReference "SnapKit" */,
			);
			productRefGroup = 3663005A29FA995600F3CA7D /* Products */;
			projectDirPath = "";
			projectRoot = "";
			targets = (
				3663005829FA995600F3CA7D /* NewsApp */,
			);
		};
/* End PBXProject section */

/* Begin PBXResourcesBuildPhase section */
		3663005729FA995600F3CA7D /* Resources */ = {
			isa = PBXResourcesBuildPhase;
			buildActionMask = 2147483647;
			files = (
				3663006929FA995A00F3CA7D /* LaunchScreen.storyboard in Resources */,
				3663006629FA995A00F3CA7D /* Assets.xcassets in Resources */,
			);
			runOnlyForDeploymentPostprocessing = 0;
		};
/* End PBXResourcesBuildPhase section */

/* Begin PBXSourcesBuildPhase section */
		3663005529FA995600F3CA7D /* Sources */ = {
			isa = PBXSourcesBuildPhase;
			buildActionMask = 2147483647;
			files = (
				3666B5932A1D0D9600AEBF48 /* TechnologyCollectionViewCell.swift in Sources */,
				36C3C0C42A08FE7700F16446 /* ArticleResponseObject.swift in Sources */,
				3663007529FA9EDE00F3CA7D /* TechnologyViewController.swift in Sources */,
				36AC12AA29FFD14500643629 /* SelectedNewsViewController.swift in Sources */,
				3663007E29FABA1500F3CA7D /* GeneralCollectionViewCell.swift in Sources */,
				3663007129FA9C6B00F3CA7D /* TabBarController.swift in Sources */,
				36FA45CC2A1121C4001B6FA6 /* NewsListViewModel.swift in Sources */,
				367A145E2A0E744100EBF95F /* TableCollectionViewSection.swift in Sources */,
				3663006129FA995600F3CA7D /* GeneralViewController.swift in Sources */,
				36D463722A065125008B58DD /* GeneralViewModel.swift in Sources */,
				367A14582A0C1BD900EBF95F /* NewsViewModel.swift in Sources */,
				36C3C0C22A08FDCF00F16446 /* NewsResponseObject.swift in Sources */,
				36C3C0C92A09261400F16446 /* ApiManager.swift in Sources */,
				3666B5902A1D0CC000AEBF48 /* TechnologyViewModel.swift in Sources */,
				367A145B2A0D5E4C00EBF95F /* BusinessViewModel.swift in Sources */,
				3663007329FA9EC700F3CA7D /* BusinessViewController.swift in Sources */,
				36C3C0CC2A09367300F16446 /* NetworkingError.swift in Sources */,
				36C3C0C72A091C1500F16446 /* ArticleCellViewModel.swift in Sources */,
				3663005D29FA995600F3CA7D /* AppDelegate.swift in Sources */,
				365870592A0547A1006C1387 /* DetailsCollectionViewCell.swift in Sources */,
			);
			runOnlyForDeploymentPostprocessing = 0;
		};
/* End PBXSourcesBuildPhase section */

/* Begin PBXVariantGroup section */
		3663006729FA995A00F3CA7D /* LaunchScreen.storyboard */ = {
			isa = PBXVariantGroup;
			children = (
				3663006829FA995A00F3CA7D /* Base */,
			);
			name = LaunchScreen.storyboard;
			sourceTree = "<group>";
		};
/* End PBXVariantGroup section */

/* Begin XCBuildConfiguration section */
		3663006B29FA995A00F3CA7D /* Debug */ = {
			isa = XCBuildConfiguration;
			buildSettings = {
				ALWAYS_SEARCH_USER_PATHS = NO;
				CLANG_ANALYZER_NONNULL = YES;
				CLANG_ANALYZER_NUMBER_OBJECT_CONVERSION = YES_AGGRESSIVE;
				CLANG_CXX_LANGUAGE_STANDARD = "gnu++20";
				CLANG_ENABLE_MODULES = YES;
				CLANG_ENABLE_OBJC_ARC = YES;
				CLANG_ENABLE_OBJC_WEAK = YES;
				CLANG_WARN_BLOCK_CAPTURE_AUTORELEASING = YES;
				CLANG_WARN_BOOL_CONVERSION = YES;
				CLANG_WARN_COMMA = YES;
				CLANG_WARN_CONSTANT_CONVERSION = YES;
				CLANG_WARN_DEPRECATED_OBJC_IMPLEMENTATIONS = YES;
				CLANG_WARN_DIRECT_OBJC_ISA_USAGE = YES_ERROR;
				CLANG_WARN_DOCUMENTATION_COMMENTS = YES;
				CLANG_WARN_EMPTY_BODY = YES;
				CLANG_WARN_ENUM_CONVERSION = YES;
				CLANG_WARN_INFINITE_RECURSION = YES;
				CLANG_WARN_INT_CONVERSION = YES;
				CLANG_WARN_NON_LITERAL_NULL_CONVERSION = YES;
				CLANG_WARN_OBJC_IMPLICIT_RETAIN_SELF = YES;
				CLANG_WARN_OBJC_LITERAL_CONVERSION = YES;
				CLANG_WARN_OBJC_ROOT_CLASS = YES_ERROR;
				CLANG_WARN_QUOTED_INCLUDE_IN_FRAMEWORK_HEADER = YES;
				CLANG_WARN_RANGE_LOOP_ANALYSIS = YES;
				CLANG_WARN_STRICT_PROTOTYPES = YES;
				CLANG_WARN_SUSPICIOUS_MOVE = YES;
				CLANG_WARN_UNGUARDED_AVAILABILITY = YES_AGGRESSIVE;
				CLANG_WARN_UNREACHABLE_CODE = YES;
				CLANG_WARN__DUPLICATE_METHOD_MATCH = YES;
				COPY_PHASE_STRIP = NO;
				DEBUG_INFORMATION_FORMAT = dwarf;
				ENABLE_STRICT_OBJC_MSGSEND = YES;
				ENABLE_TESTABILITY = YES;
				GCC_C_LANGUAGE_STANDARD = gnu11;
				GCC_DYNAMIC_NO_PIC = NO;
				GCC_NO_COMMON_BLOCKS = YES;
				GCC_OPTIMIZATION_LEVEL = 0;
				GCC_PREPROCESSOR_DEFINITIONS = (
					"DEBUG=1",
					"$(inherited)",
				);
				GCC_WARN_64_TO_32_BIT_CONVERSION = YES;
				GCC_WARN_ABOUT_RETURN_TYPE = YES_ERROR;
				GCC_WARN_UNDECLARED_SELECTOR = YES;
				GCC_WARN_UNINITIALIZED_AUTOS = YES_AGGRESSIVE;
				GCC_WARN_UNUSED_FUNCTION = YES;
				GCC_WARN_UNUSED_VARIABLE = YES;
				IPHONEOS_DEPLOYMENT_TARGET = 16.2;
				MTL_ENABLE_DEBUG_INFO = INCLUDE_SOURCE;
				MTL_FAST_MATH = YES;
				ONLY_ACTIVE_ARCH = YES;
				SDKROOT = iphoneos;
				SWIFT_ACTIVE_COMPILATION_CONDITIONS = DEBUG;
				SWIFT_OPTIMIZATION_LEVEL = "-Onone";
			};
			name = Debug;
		};
		3663006C29FA995A00F3CA7D /* Release */ = {
			isa = XCBuildConfiguration;
			buildSettings = {
				ALWAYS_SEARCH_USER_PATHS = NO;
				CLANG_ANALYZER_NONNULL = YES;
				CLANG_ANALYZER_NUMBER_OBJECT_CONVERSION = YES_AGGRESSIVE;
				CLANG_CXX_LANGUAGE_STANDARD = "gnu++20";
				CLANG_ENABLE_MODULES = YES;
				CLANG_ENABLE_OBJC_ARC = YES;
				CLANG_ENABLE_OBJC_WEAK = YES;
				CLANG_WARN_BLOCK_CAPTURE_AUTORELEASING = YES;
				CLANG_WARN_BOOL_CONVERSION = YES;
				CLANG_WARN_COMMA = YES;
				CLANG_WARN_CONSTANT_CONVERSION = YES;
				CLANG_WARN_DEPRECATED_OBJC_IMPLEMENTATIONS = YES;
				CLANG_WARN_DIRECT_OBJC_ISA_USAGE = YES_ERROR;
				CLANG_WARN_DOCUMENTATION_COMMENTS = YES;
				CLANG_WARN_EMPTY_BODY = YES;
				CLANG_WARN_ENUM_CONVERSION = YES;
				CLANG_WARN_INFINITE_RECURSION = YES;
				CLANG_WARN_INT_CONVERSION = YES;
				CLANG_WARN_NON_LITERAL_NULL_CONVERSION = YES;
				CLANG_WARN_OBJC_IMPLICIT_RETAIN_SELF = YES;
				CLANG_WARN_OBJC_LITERAL_CONVERSION = YES;
				CLANG_WARN_OBJC_ROOT_CLASS = YES_ERROR;
				CLANG_WARN_QUOTED_INCLUDE_IN_FRAMEWORK_HEADER = YES;
				CLANG_WARN_RANGE_LOOP_ANALYSIS = YES;
				CLANG_WARN_STRICT_PROTOTYPES = YES;
				CLANG_WARN_SUSPICIOUS_MOVE = YES;
				CLANG_WARN_UNGUARDED_AVAILABILITY = YES_AGGRESSIVE;
				CLANG_WARN_UNREACHABLE_CODE = YES;
				CLANG_WARN__DUPLICATE_METHOD_MATCH = YES;
				COPY_PHASE_STRIP = NO;
				DEBUG_INFORMATION_FORMAT = "dwarf-with-dsym";
				ENABLE_NS_ASSERTIONS = NO;
				ENABLE_STRICT_OBJC_MSGSEND = YES;
				GCC_C_LANGUAGE_STANDARD = gnu11;
				GCC_NO_COMMON_BLOCKS = YES;
				GCC_WARN_64_TO_32_BIT_CONVERSION = YES;
				GCC_WARN_ABOUT_RETURN_TYPE = YES_ERROR;
				GCC_WARN_UNDECLARED_SELECTOR = YES;
				GCC_WARN_UNINITIALIZED_AUTOS = YES_AGGRESSIVE;
				GCC_WARN_UNUSED_FUNCTION = YES;
				GCC_WARN_UNUSED_VARIABLE = YES;
				IPHONEOS_DEPLOYMENT_TARGET = 16.2;
				MTL_ENABLE_DEBUG_INFO = NO;
				MTL_FAST_MATH = YES;
				SDKROOT = iphoneos;
				SWIFT_COMPILATION_MODE = wholemodule;
				SWIFT_OPTIMIZATION_LEVEL = "-O";
				VALIDATE_PRODUCT = YES;
			};
			name = Release;
		};
		3663006E29FA995A00F3CA7D /* Debug */ = {
			isa = XCBuildConfiguration;
			buildSettings = {
				ASSETCATALOG_COMPILER_APPICON_NAME = AppIcon;
				ASSETCATALOG_COMPILER_GLOBAL_ACCENT_COLOR_NAME = AccentColor;
				CODE_SIGN_STYLE = Automatic;
				CURRENT_PROJECT_VERSION = 1;
				DEVELOPMENT_TEAM = P892TSAJ89;
				GENERATE_INFOPLIST_FILE = YES;
				INFOPLIST_FILE = NewsApp/Info.plist;
				INFOPLIST_KEY_UIApplicationSupportsIndirectInputEvents = YES;
				INFOPLIST_KEY_UILaunchStoryboardName = LaunchScreen;
				INFOPLIST_KEY_UIMainStoryboardFile = "";
				INFOPLIST_KEY_UISupportedInterfaceOrientations_iPad = "UIInterfaceOrientationPortrait UIInterfaceOrientationPortraitUpsideDown UIInterfaceOrientationLandscapeLeft UIInterfaceOrientationLandscapeRight";
				INFOPLIST_KEY_UISupportedInterfaceOrientations_iPhone = "UIInterfaceOrientationPortrait UIInterfaceOrientationLandscapeLeft UIInterfaceOrientationLandscapeRight";
				LD_RUNPATH_SEARCH_PATHS = (
					"$(inherited)",
					"@executable_path/Frameworks",
				);
				MARKETING_VERSION = 1.0;
				PRODUCT_BUNDLE_IDENTIFIER = azazellooy.NewsApp;
				PRODUCT_NAME = "$(TARGET_NAME)";
				SWIFT_EMIT_LOC_STRINGS = YES;
				SWIFT_VERSION = 5.0;
				TARGETED_DEVICE_FAMILY = "1,2";
			};
			name = Debug;
		};
		3663006F29FA995A00F3CA7D /* Release */ = {
			isa = XCBuildConfiguration;
			buildSettings = {
				ASSETCATALOG_COMPILER_APPICON_NAME = AppIcon;
				ASSETCATALOG_COMPILER_GLOBAL_ACCENT_COLOR_NAME = AccentColor;
				CODE_SIGN_STYLE = Automatic;
				CURRENT_PROJECT_VERSION = 1;
				DEVELOPMENT_TEAM = P892TSAJ89;
				GENERATE_INFOPLIST_FILE = YES;
				INFOPLIST_FILE = NewsApp/Info.plist;
				INFOPLIST_KEY_UIApplicationSupportsIndirectInputEvents = YES;
				INFOPLIST_KEY_UILaunchStoryboardName = LaunchScreen;
				INFOPLIST_KEY_UIMainStoryboardFile = "";
				INFOPLIST_KEY_UISupportedInterfaceOrientations_iPad = "UIInterfaceOrientationPortrait UIInterfaceOrientationPortraitUpsideDown UIInterfaceOrientationLandscapeLeft UIInterfaceOrientationLandscapeRight";
				INFOPLIST_KEY_UISupportedInterfaceOrientations_iPhone = "UIInterfaceOrientationPortrait UIInterfaceOrientationLandscapeLeft UIInterfaceOrientationLandscapeRight";
				LD_RUNPATH_SEARCH_PATHS = (
					"$(inherited)",
					"@executable_path/Frameworks",
				);
				MARKETING_VERSION = 1.0;
				PRODUCT_BUNDLE_IDENTIFIER = azazellooy.NewsApp;
				PRODUCT_NAME = "$(TARGET_NAME)";
				SWIFT_EMIT_LOC_STRINGS = YES;
				SWIFT_VERSION = 5.0;
				TARGETED_DEVICE_FAMILY = "1,2";
			};
			name = Release;
		};
/* End XCBuildConfiguration section */

/* Begin XCConfigurationList section */
		3663005429FA995600F3CA7D /* Build configuration list for PBXProject "NewsApp" */ = {
			isa = XCConfigurationList;
			buildConfigurations = (
				3663006B29FA995A00F3CA7D /* Debug */,
				3663006C29FA995A00F3CA7D /* Release */,
			);
			defaultConfigurationIsVisible = 0;
			defaultConfigurationName = Release;
		};
		3663006D29FA995A00F3CA7D /* Build configuration list for PBXNativeTarget "NewsApp" */ = {
			isa = XCConfigurationList;
			buildConfigurations = (
				3663006E29FA995A00F3CA7D /* Debug */,
				3663006F29FA995A00F3CA7D /* Release */,
			);
			defaultConfigurationIsVisible = 0;
			defaultConfigurationName = Release;
		};
/* End XCConfigurationList section */

/* Begin XCRemoteSwiftPackageReference section */
		3663007629FAB10900F3CA7D /* XCRemoteSwiftPackageReference "SnapKit" */ = {
			isa = XCRemoteSwiftPackageReference;
			repositoryURL = "https://github.com/SnapKit/SnapKit.git";
			requirement = {
				kind = upToNextMajorVersion;
				minimumVersion = 5.0.0;
			};
		};
/* End XCRemoteSwiftPackageReference section */

/* Begin XCSwiftPackageProductDependency section */
		3663007729FAB10900F3CA7D /* SnapKit */ = {
			isa = XCSwiftPackageProductDependency;
			package = 3663007629FAB10900F3CA7D /* XCRemoteSwiftPackageReference "SnapKit" */;
			productName = SnapKit;
		};
/* End XCSwiftPackageProductDependency section */
	};
	rootObject = 3663005129FA995600F3CA7D /* Project object */;
}
